
Microsoft Visual Studio Solution File, Format Version 12.00
# Visual Studio 15
VisualStudioVersion = 15.0.27703.2042
MinimumVisualStudioVersion = 10.0.40219.1
Project("{FAE04EC0-301F-11D3-BF4B-00C04F79EFBC}") = "SimpleApp", "SimpleApp\SimpleApp.csproj", "{EA06CABC-10BA-4FFB-869A-CE17AD32D96F}"
EndProject
Project("{FAE04EC0-301F-11D3-BF4B-00C04F79EFBC}") = "UnitTestSimpleApp", "..\UnitTestSimpleApp\UnitTestSimpleApp\UnitTestSimpleApp.csproj", "{33E67E6F-479F-46BF-837A-7AF7AA547C8E}"
EndProject
Global
	GlobalSection(SolutionConfigurationPlatforms) = preSolution
		Debug|Any CPU = Debug|Any CPU
		Release|Any CPU = Release|Any CPU
	EndGlobalSection
	GlobalSection(ProjectConfigurationPlatforms) = postSolution
		{EA06CABC-10BA-4FFB-869A-CE17AD32D96F}.Debug|Any CPU.ActiveCfg = Debug|Any CPU
		{EA06CABC-10BA-4FFB-869A-CE17AD32D96F}.Debug|Any CPU.Build.0 = Debug|Any CPU
		{EA06CABC-10BA-4FFB-869A-CE17AD32D96F}.Release|Any CPU.ActiveCfg = Release|Any CPU
		{EA06CABC-10BA-4FFB-869A-CE17AD32D96F}.Release|Any CPU.Build.0 = Release|Any CPU
		{33E67E6F-479F-46BF-837A-7AF7AA547C8E}.Debug|Any CPU.ActiveCfg = Debug|Any CPU
		{33E67E6F-479F-46BF-837A-7AF7AA547C8E}.Debug|Any CPU.Build.0 = Debug|Any CPU
		{33E67E6F-479F-46BF-837A-7AF7AA547C8E}.Release|Any CPU.ActiveCfg = Release|Any CPU
		{33E67E6F-479F-46BF-837A-7AF7AA547C8E}.Release|Any CPU.Build.0 = Release|Any CPU
	EndGlobalSection
	GlobalSection(SolutionProperties) = preSolution
		HideSolutionNode = FALSE
	EndGlobalSection
	GlobalSection(ExtensibilityGlobals) = postSolution
		SolutionGuid = {72D3696B-3428-4306-BD71-BF9C7510964A}
	EndGlobalSection
EndGlobal
